
Microsoft Visual Studio Solution File, Format Version 12.00
# Visual Studio 14
VisualStudioVersion = 14.0.25123.0
MinimumVisualStudioVersion = 10.0.40219.1
Project("{FAE04EC0-301F-11D3-BF4B-00C04F79EFBC}") = "Homework13", "Homework13\Homework13.csproj", "{BAD06AA8-C0C7-47C6-AE45-7C44DFA9E4BC}"
EndProject
Global
	GlobalSection(SolutionConfigurationPlatforms) = preSolution
		Debug|Any CPU = Debug|Any CPU
		Release|Any CPU = Release|Any CPU
	EndGlobalSection
	GlobalSection(ProjectConfigurationPlatforms) = postSolution
		{BAD06AA8-C0C7-47C6-AE45-7C44DFA9E4BC}.Debug|Any CPU.ActiveCfg = Debug|Any CPU
		{BAD06AA8-C0C7-47C6-AE45-7C44DFA9E4BC}.Debug|Any CPU.Build.0 = Debug|Any CPU
		{BAD06AA8-C0C7-47C6-AE45-7C44DFA9E4BC}.Release|Any CPU.ActiveCfg = Release|Any CPU
		{BAD06AA8-C0C7-47C6-AE45-7C44DFA9E4BC}.Release|Any CPU.Build.0 = Release|Any CPU
	EndGlobalSection
	GlobalSection(SolutionProperties) = preSolution
		HideSolutionNode = FALSE
	EndGlobalSection
EndGlobal
